
Microsoft Visual Studio Solution File, Format Version 12.00
# Visual Studio Version 16
VisualStudioVersion = 16.0.30413.136
MinimumVisualStudioVersion = 10.0.40219.1
Project("{FAE04EC0-301F-11D3-BF4B-00C04F79EFBC}") = "GraphicBourse", "TestGraph\GraphicBourse.csproj", "{8EF2BBCD-5D8C-41CB-9489-A9F80BD19D7D}"
EndProject
Global
	GlobalSection(SolutionConfigurationPlatforms) = preSolution
		Debug|Any CPU = Debug|Any CPU
		Release|Any CPU = Release|Any CPU
	EndGlobalSection
	GlobalSection(ProjectConfigurationPlatforms) = postSolution
		{8EF2BBCD-5D8C-41CB-9489-A9F80BD19D7D}.Debug|Any CPU.ActiveCfg = Debug|Any CPU
		{8EF2BBCD-5D8C-41CB-9489-A9F80BD19D7D}.Debug|Any CPU.Build.0 = Debug|Any CPU
		{8EF2BBCD-5D8C-41CB-9489-A9F80BD19D7D}.Release|Any CPU.ActiveCfg = Release|Any CPU
		{8EF2BBCD-5D8C-41CB-9489-A9F80BD19D7D}.Release|Any CPU.Build.0 = Release|Any CPU
	EndGlobalSection
	GlobalSection(SolutionProperties) = preSolution
		HideSolutionNode = FALSE
	EndGlobalSection
	GlobalSection(ExtensibilityGlobals) = postSolution
		SolutionGuid = {96D5B659-B0B9-4FC4-A747-565B680F797C}
	EndGlobalSection
EndGlobal
